
Microsoft Visual Studio Solution File, Format Version 12.00
# Visual Studio Version 16
VisualStudioVersion = 16.0.29806.167
MinimumVisualStudioVersion = 10.0.40219.1
Project("{FAE04EC0-301F-11D3-BF4B-00C04F79EFBC}") = "BeamDefence", "BeamDefence\BeamDefence.csproj", "{517BB859-24B7-4F80-A578-28B0F7663151}"
EndProject
Global
	GlobalSection(SolutionConfigurationPlatforms) = preSolution
		Debug|Any CPU = Debug|Any CPU
		Release|Any CPU = Release|Any CPU
	EndGlobalSection
	GlobalSection(ProjectConfigurationPlatforms) = postSolution
		{517BB859-24B7-4F80-A578-28B0F7663151}.Debug|Any CPU.ActiveCfg = Debug|Any CPU
		{517BB859-24B7-4F80-A578-28B0F7663151}.Debug|Any CPU.Build.0 = Debug|Any CPU
		{517BB859-24B7-4F80-A578-28B0F7663151}.Release|Any CPU.ActiveCfg = Release|Any CPU
		{517BB859-24B7-4F80-A578-28B0F7663151}.Release|Any CPU.Build.0 = Release|Any CPU
	EndGlobalSection
	GlobalSection(SolutionProperties) = preSolution
		HideSolutionNode = FALSE
	EndGlobalSection
	GlobalSection(ExtensibilityGlobals) = postSolution
		SolutionGuid = {0A8208E1-9A78-4943-9FCB-EBD71CD1890F}
	EndGlobalSection
EndGlobal
